
Microsoft Visual Studio Solution File, Format Version 12.00
# Visual Studio Version 16
VisualStudioVersion = 16.0.30225.117
MinimumVisualStudioVersion = 10.0.40219.1
Project("{FAE04EC0-301F-11D3-BF4B-00C04F79EFBC}") = "DataDriven", "DataDriven\DataDriven.csproj", "{A2FCD553-4291-4273-A6BD-61ECC1D368AD}"
EndProject
Global
	GlobalSection(SolutionConfigurationPlatforms) = preSolution
		Debug|Any CPU = Debug|Any CPU
		Release|Any CPU = Release|Any CPU
	EndGlobalSection
	GlobalSection(ProjectConfigurationPlatforms) = postSolution
		{A2FCD553-4291-4273-A6BD-61ECC1D368AD}.Debug|Any CPU.ActiveCfg = Debug|Any CPU
		{A2FCD553-4291-4273-A6BD-61ECC1D368AD}.Debug|Any CPU.Build.0 = Debug|Any CPU
		{A2FCD553-4291-4273-A6BD-61ECC1D368AD}.Release|Any CPU.ActiveCfg = Release|Any CPU
		{A2FCD553-4291-4273-A6BD-61ECC1D368AD}.Release|Any CPU.Build.0 = Release|Any CPU
	EndGlobalSection
	GlobalSection(SolutionProperties) = preSolution
		HideSolutionNode = FALSE
	EndGlobalSection
	GlobalSection(ExtensibilityGlobals) = postSolution
		SolutionGuid = {5C3F6CD7-F5D8-4105-B92B-BCEF7DBA71E9}
	EndGlobalSection
EndGlobal
